
Microsoft Visual Studio Solution File, Format Version 12.00
# Visual Studio Version 17
VisualStudioVersion = 17.8.34316.72
MinimumVisualStudioVersion = 10.0.40219.1
Project("{9A19103F-16F7-4668-BE54-9A1E7A4F7556}") = "IdentityServer", "IdentityServer\IdentityServer.csproj", "{D4225F90-26D0-473C-860E-88708FE91D02}"
EndProject
Project("{9A19103F-16F7-4668-BE54-9A1E7A4F7556}") = "WebAPI", "WebAPI\WebAPI.csproj", "{A111B7A1-1D2F-4021-A623-FBBF9B5DC068}"
EndProject
Project("{FAE04EC0-301F-11D3-BF4B-00C04F79EFBC}") = "WebClient", "WebClient\WebClient.csproj", "{B194FCF6-61B0-4B7C-B8BC-1D535BF0DB17}"
EndProject
Global
	GlobalSection(SolutionConfigurationPlatforms) = preSolution
		Debug|Any CPU = Debug|Any CPU
		Release|Any CPU = Release|Any CPU
	EndGlobalSection
	GlobalSection(ProjectConfigurationPlatforms) = postSolution
		{D4225F90-26D0-473C-860E-88708FE91D02}.Debug|Any CPU.ActiveCfg = Debug|Any CPU
		{D4225F90-26D0-473C-860E-88708FE91D02}.Debug|Any CPU.Build.0 = Debug|Any CPU
		{D4225F90-26D0-473C-860E-88708FE91D02}.Release|Any CPU.ActiveCfg = Release|Any CPU
		{D4225F90-26D0-473C-860E-88708FE91D02}.Release|Any CPU.Build.0 = Release|Any CPU
		{A111B7A1-1D2F-4021-A623-FBBF9B5DC068}.Debug|Any CPU.ActiveCfg = Debug|Any CPU
		{A111B7A1-1D2F-4021-A623-FBBF9B5DC068}.Debug|Any CPU.Build.0 = Debug|Any CPU
		{A111B7A1-1D2F-4021-A623-FBBF9B5DC068}.Release|Any CPU.ActiveCfg = Release|Any CPU
		{A111B7A1-1D2F-4021-A623-FBBF9B5DC068}.Release|Any CPU.Build.0 = Release|Any CPU
		{B194FCF6-61B0-4B7C-B8BC-1D535BF0DB17}.Debug|Any CPU.ActiveCfg = Debug|Any CPU
		{B194FCF6-61B0-4B7C-B8BC-1D535BF0DB17}.Debug|Any CPU.Build.0 = Debug|Any CPU
		{B194FCF6-61B0-4B7C-B8BC-1D535BF0DB17}.Release|Any CPU.ActiveCfg = Release|Any CPU
		{B194FCF6-61B0-4B7C-B8BC-1D535BF0DB17}.Release|Any CPU.Build.0 = Release|Any CPU
	EndGlobalSection
	GlobalSection(SolutionProperties) = preSolution
		HideSolutionNode = FALSE
	EndGlobalSection
	GlobalSection(ExtensibilityGlobals) = postSolution
		SolutionGuid = {9A14B6B9-1085-4AC0-AFC9-036D649AAB32}
	EndGlobalSection
EndGlobal
